lockfileVersion: 5.4

specifiers:
  '@raycast/api': 1.39.3
  '@types/react': 18.0.20
  prettier: 2.7.1
  supergenpass-lib: 3.0.1
  typescript: 4.8.3

dependencies:
  '@raycast/api': 1.39.3
  supergenpass-lib: 3.0.1

devDependencies:
  '@types/react': 18.0.20
  prettier: 2.7.1
  typescript: 4.8.3

packages:

  /@raycast/api/1.39.3:
    resolution: {integrity: sha512-23ecyzLIpChC9Sm4xmWcbqHW4C9KKpfOkwa2Z8NBHvrgcX8M8zSkQLECywb6pzeRMUsupAd5ugnJECrIGF1ETQ==}
    hasBin: true
    requiresBuild: true
    dependencies:
      '@types/node': 16.10.3
      '@types/react': 18.0.9
      react: 18.1.0
      react-reconciler: 0.28.0_react@18.1.0
    dev: false

  /@types/node/16.10.3:
    resolution: {integrity: sha512-ho3Ruq+fFnBrZhUYI46n/bV2GjwzSkwuT4dTf0GkuNFmnb8nq4ny2z9JEVemFi6bdEJanHLlYfy9c6FN9B9McQ==}
    dev: false

  /@types/prop-types/15.7.5:
    resolution: {integrity: sha512-JCB8C6SnDoQf0cNycqd/35A7MjcnK+ZTqE7judS6o7utxUCg6imJg3QK2qzHKszlTjcj2cn+NwMB2i96ubpj7w==}

  /@types/react/18.0.20:
    resolution: {integrity: sha512-MWul1teSPxujEHVwZl4a5HxQ9vVNsjTchVA+xRqv/VYGCuKGAU6UhfrTdF5aBefwD1BHUD8i/zq+O/vyCm/FrA==}
    dependencies:
      '@types/prop-types': 15.7.5
      '@types/scheduler': 0.16.2
      csstype: 3.1.1
    dev: true

  /@types/react/18.0.9:
    resolution: {integrity: sha512-9bjbg1hJHUm4De19L1cHiW0Jvx3geel6Qczhjd0qY5VKVE2X5+x77YxAepuCwVh4vrgZJdgEJw48zrhRIeF4Nw==}
    dependencies:
      '@types/prop-types': 15.7.5
      '@types/scheduler': 0.16.2
      csstype: 3.1.1
    dev: false

  /@types/scheduler/0.16.2:
    resolution: {integrity: sha512-hppQEBDmlwhFAXKJX2KnWLYu5yMfi91yazPb2l+lbJiwW+wdo1gNeRA+3RgNSO39WYX2euey41KEwnqesU2Jew==}

  /babel-runtime/6.26.0:
    resolution: {integrity: sha512-ITKNuq2wKlW1fJg9sSW52eepoYgZBggvOAHC0u/CYu/qxQ9EVzThCgR69BnSXLHjy2f7SY5zaQ4yt7H9ZVxY2g==}
    dependencies:
      core-js: 2.6.12
      regenerator-runtime: 0.11.1
    dev: false

  /core-js/2.6.12:
    resolution: {integrity: sha512-Kb2wC0fvsWfQrgk8HU5lW6U/Lcs8+9aaYcy4ZFc6DDlo4nZ7n70dEgE5rtR0oG6ufKDUnrwfWL1mXR5ljDatrQ==}
    deprecated: core-js@<3.23.3 is no longer maintained and not recommended for usage due to the number of issues. Because of the V8 engine whims, feature detection in old core-js versions could cause a slowdown up to 100x even if nothing is polyfilled. Some versions have web compatibility issues. Please, upgrade your dependencies to the actual version of core-js.
    requiresBuild: true
    dev: false

  /crypto-js/3.3.0:
    resolution: {integrity: sha512-DIT51nX0dCfKltpRiXV+/TVZq+Qq2NgF4644+K7Ttnla7zEzqc+kjJyiB96BHNyUTBxyjzRcZYpUdZa+QAqi6Q==}
    dev: false

  /csstype/3.1.1:
    resolution: {integrity: sha512-DJR/VvkAvSZW9bTouZue2sSxDwdTN92uHjqeKVm+0dAqdfNykRzQ95tay8aXMBAAPpUiq4Qcug2L7neoRh2Egw==}

  /js-tokens/4.0.0:
    resolution: {integrity: sha512-RdJUflcE3cUzKiMqQgsCu06FPu9UdIJO0beYbPhHN4k6apgJtifcoCtT9bcxOpYBtpD2kCM6Sbzg4CausW/PKQ==}
    dev: false

  /loose-envify/1.4.0:
    resolution: {integrity: sha512-lyuxPGr/Wfhrlem2CL/UcnUc1zcqKAImBDzukY7Y5F/yQiNdko6+fRLevlw1HgMySw7f611UIY408EtxRSoK3Q==}
    hasBin: true
    dependencies:
      js-tokens: 4.0.0
    dev: false

  /prettier/2.7.1:
    resolution: {integrity: sha512-ujppO+MkdPqoVINuDFDRLClm7D78qbDt0/NR+wp5FqEZOoTNAjPHWj17QRhu7geIHJfcNhRk1XVQmF8Bp3ye+g==}
    engines: {node: '>=10.13.0'}
    hasBin: true
    dev: true

  /react-reconciler/0.28.0_react@18.1.0:
    resolution: {integrity: sha512-sGIHDOpgVjRYgsi8NgosDnbkDvvkYFFSF900ZUhUw0+lSBEA5n76TcKFaVkfYMIuYm+7W6mT8Q673DLBfuTxcQ==}
    engines: {node: '>=0.10.0'}
    peerDependencies:
      react: ^18.1.0
    dependencies:
      loose-envify: 1.4.0
      react: 18.1.0
      scheduler: 0.22.0
    dev: false

  /react/18.1.0:
    resolution: {integrity: sha512-4oL8ivCz5ZEPyclFQXaNksK3adutVS8l2xzZU0cqEFrE9Sb7fC0EFK5uEk74wIreL1DERyjvsU915j1pcT2uEQ==}
    engines: {node: '>=0.10.0'}
    dependencies:
      loose-envify: 1.4.0
    dev: false

  /regenerator-runtime/0.11.1:
    resolution: {integrity: sha512-MguG95oij0fC3QV3URf4V2SDYGJhJnJGqvIIgdECeODCT98wSWDAJ94SSuVpYQUoTcGUIL6L4yNB7j1DFFHSBg==}
    dev: false

  /scheduler/0.22.0:
    resolution: {integrity: sha512-6QAm1BgQI88NPYymgGQLCZgvep4FyePDWFpXVK+zNSUgHwlqpJy8VEh8Et0KxTACS4VWwMousBElAZOH9nkkoQ==}
    dependencies:
      loose-envify: 1.4.0
    dev: false

  /supergenpass-lib/3.0.1:
    resolution: {integrity: sha512-UJRX0OXFUCJ3tMjaO9aTLUys3usHIY3K95Tx3XqJAjNu+exEWHddDbaULiDO9EGYwt344vEwaHzeDJfvddUrzQ==}
    dependencies:
      babel-runtime: 6.26.0
      crypto-js: 3.3.0
    dev: false

  /typescript/4.8.3:
    resolution: {integrity: sha512-goMHfm00nWPa8UvR/CPSvykqf6dVV8x/dp0c5mFTMTIu0u0FlGWRioyy7Nn0PGAdHxpJZnuO/ut+PpQ8UiHAig==}
    engines: {node: '>=4.2.0'}
    hasBin: true
    dev: true
